PODS:
  - apptentive-ios (3.3.1):
    - apptentive-ios/Debug (= 3.3.1)
  - apptentive-ios/Debug (3.3.1)

DEPENDENCIES:
  - apptentive-ios (from `..`)

EXTERNAL SOURCES:
  apptentive-ios:
    :path: ..

SPEC CHECKSUMS:
  apptentive-ios: 80f0f9d081f6a893bb644526f65f98f6667d9e99

PODFILE CHECKSUM: d9f8c76e781b9e490f735f6b0369a9f3d1c4fd0e

COCOAPODS: 1.0.1
