// !$*UTF8*$!
{
	archiveVersion = 1;
	classes = {
	};
	objectVersion = 46;
	objects = {

/* Begin PBXBuildFile section */
		491917F9133145CC00EEACFC /* ATFeedback.m in Sources */ = {isa = PBXBuildFile; fileRef = 491917F8133145CA00EEACFC /* ATFeedback.m */; };
		4919180713314A2300EEACFC /* ATDefaultTextView.m in Sources */ = {isa = PBXBuildFile; fileRef = 4919180613314A1D00EEACFC /* ATDefaultTextView.m */; };
		493828E6132C0E270094D41D /* UIKit.framework in Frameworks */ = {isa = PBXBuildFile; fileRef = 493828E5132C0E270094D41D /* UIKit.framework */; };
		493828E8132C0E270094D41D /* Foundation.framework in Frameworks */ = {isa = PBXBuildFile; fileRef = 493828E7132C0E270094D41D /* Foundation.framework */; };
		493828EA132C0E270094D41D /* CoreGraphics.framework in Frameworks */ = {isa = PBXBuildFile; fileRef = 493828E9132C0E270094D41D /* CoreGraphics.framework */; };
		493828F0132C0E270094D41D /* InfoPlist.strings in Resources */ = {isa = PBXBuildFile; fileRef = 493828EE132C0E270094D41D /* InfoPlist.strings */; };
		493828F3132C0E270094D41D /* main.m in Sources */ = {isa = PBXBuildFile; fileRef = 493828F2132C0E270094D41D /* main.m */; };
		493828F6132C0E270094D41D /* DemoAppAppDelegate.m in Sources */ = {isa = PBXBuildFile; fileRef = 493828F5132C0E270094D41D /* DemoAppAppDelegate.m */; };
		493828F9132C0E270094D41D /* MainWindow.xib in Resources */ = {isa = PBXBuildFile; fileRef = 493828F7132C0E270094D41D /* MainWindow.xib */; };
		493828FC132C0E270094D41D /* RootViewController.m in Sources */ = {isa = PBXBuildFile; fileRef = 493828FB132C0E270094D41D /* RootViewController.m */; };
		493828FF132C0E270094D41D /* RootViewController.xib in Resources */ = {isa = PBXBuildFile; fileRef = 493828FD132C0E270094D41D /* RootViewController.xib */; };
		49382906132C0E280094D41D /* UIKit.framework in Frameworks */ = {isa = PBXBuildFile; fileRef = 493828E5132C0E270094D41D /* UIKit.framework */; };
		49382907132C0E280094D41D /* Foundation.framework in Frameworks */ = {isa = PBXBuildFile; fileRef = 493828E7132C0E270094D41D /* Foundation.framework */; };
		49382908132C0E280094D41D /* CoreGraphics.framework in Frameworks */ = {isa = PBXBuildFile; fileRef = 493828E9132C0E270094D41D /* CoreGraphics.framework */; };
		49382910132C0E280094D41D /* InfoPlist.strings in Resources */ = {isa = PBXBuildFile; fileRef = 4938290E132C0E280094D41D /* InfoPlist.strings */; };
		49382913132C0E280094D41D /* DemoAppTests.h in Resources */ = {isa = PBXBuildFile; fileRef = 49382912132C0E280094D41D /* DemoAppTests.h */; };
		49382915132C0E280094D41D /* DemoAppTests.m in Sources */ = {isa = PBXBuildFile; fileRef = 49382914132C0E280094D41D /* DemoAppTests.m */; };
		49382973132C33A70094D41D /* WWConnect.m in Sources */ = {isa = PBXBuildFile; fileRef = 4938296D132C33A70094D41D /* WWConnect.m */; };
		49382974132C33A70094D41D /* WWFeedbackController.m in Sources */ = {isa = PBXBuildFile; fileRef = 4938296F132C33A70094D41D /* WWFeedbackController.m */; };
		49382975132C33A70094D41D /* WWFeedbackController.xib in Resources */ = {isa = PBXBuildFile; fileRef = 49382970132C33A70094D41D /* WWFeedbackController.xib */; };
		49382976132C33A70094D41D /* WWResources.bundle in Resources */ = {isa = PBXBuildFile; fileRef = 49382972132C33A70094D41D /* WWResources.bundle */; };
/* End PBXBuildFile section */

/* Begin PBXContainerItemProxy section */
		49382909132C0E280094D41D /* PBXContainerItemProxy */ = {
			isa = PBXContainerItemProxy;
			containerPortal = 493828D8132C0E270094D41D /* Project object */;
			proxyType = 1;
			remoteGlobalIDString = 493828E0132C0E270094D41D;
			remoteInfo = DemoApp;
		};
/* End PBXContainerItemProxy section */

/* Begin PBXFileReference section */
		491917F7133145C900EEACFC /* ATFeedback.h */ = {isa = PBXFileReference; fileEncoding = 4; lastKnownFileType = sourcecode.c.h; path = ATFeedback.h; sourceTree = "<group>"; };
		491917F8133145CA00EEACFC /* ATFeedback.m */ = {isa = PBXFileReference; fileEncoding = 4; lastKnownFileType = sourcecode.c.objc; path = ATFeedback.m; sourceTree = "<group>"; };
		4919180513314A1C00EEACFC /* ATDefaultTextView.h */ = {isa = PBXFileReference; fileEncoding = 4; lastKnownFileType = sourcecode.c.h; path = ATDefaultTextView.h; sourceTree = "<group>"; };
		4919180613314A1D00EEACFC /* ATDefaultTextView.m */ = {isa = PBXFileReference; fileEncoding = 4; lastKnownFileType = sourcecode.c.objc; path = ATDefaultTextView.m; sourceTree = "<group>"; };
		493828E1132C0E270094D41D /* DemoApp.app */ = {isa = PBXFileReference; explicitFileType = wrapper.application; includeInIndex = 0; path = DemoApp.app; sourceTree = BUILT_PRODUCTS_DIR; };
		493828E5132C0E270094D41D /* UIKit.framework */ = {isa = PBXFileReference; lastKnownFileType = wrapper.framework; name = UIKit.framework; path = System/Library/Frameworks/UIKit.framework; sourceTree = SDKROOT; };
		493828E7132C0E270094D41D /* Foundation.framework */ = {isa = PBXFileReference; lastKnownFileType = wrapper.framework; name = Foundation.framework; path = System/Library/Frameworks/Foundation.framework; sourceTree = SDKROOT; };
		493828E9132C0E270094D41D /* CoreGraphics.framework */ = {isa = PBXFileReference; lastKnownFileType = wrapper.framework; name = CoreGraphics.framework; path = System/Library/Frameworks/CoreGraphics.framework; sourceTree = SDKROOT; };
		493828ED132C0E270094D41D /* DemoApp-Info.plist */ = {isa = PBXFileReference; lastKnownFileType = text.plist.xml; path = "DemoApp-Info.plist"; sourceTree = "<group>"; };
		493828EF132C0E270094D41D /* en */ = {isa = PBXFileReference; lastKnownFileType = text.plist.strings; name = en; path = en.lproj/InfoPlist.strings; sourceTree = "<group>"; };
		493828F1132C0E270094D41D /* DemoApp-Prefix.pch */ = {isa = PBXFileReference; lastKnownFileType = sourcecode.c.h; path = "DemoApp-Prefix.pch"; sourceTree = "<group>"; };
		493828F2132C0E270094D41D /* main.m */ = {isa = PBXFileReference; lastKnownFileType = sourcecode.c.objc; path = main.m; sourceTree = "<group>"; };
		493828F4132C0E270094D41D /* DemoAppAppDelegate.h */ = {isa = PBXFileReference; lastKnownFileType = sourcecode.c.h; path = DemoAppAppDelegate.h; sourceTree = "<group>"; };
		493828F5132C0E270094D41D /* DemoAppAppDelegate.m */ = {isa = PBXFileReference; lastKnownFileType = sourcecode.c.objc; path = DemoAppAppDelegate.m; sourceTree = "<group>"; };
		493828F8132C0E270094D41D /* en */ = {isa = PBXFileReference; lastKnownFileType = file.xib; name = en; path = en.lproj/MainWindow.xib; sourceTree = "<group>"; };
		493828FA132C0E270094D41D /* RootViewController.h */ = {isa = PBXFileReference; lastKnownFileType = sourcecode.c.h; path = RootViewController.h; sourceTree = "<group>"; };
		493828FB132C0E270094D41D /* RootViewController.m */ = {isa = PBXFileReference; lastKnownFileType = sourcecode.c.objc; path = RootViewController.m; sourceTree = "<group>"; };
		493828FE132C0E270094D41D /* en */ = {isa = PBXFileReference; lastKnownFileType = file.xib; name = en; path = en.lproj/RootViewController.xib; sourceTree = "<group>"; };
		49382905132C0E280094D41D /* DemoAppTests.octest */ = {isa = PBXFileReference; explicitFileType = wrapper.cfbundle; includeInIndex = 0; path = DemoAppTests.octest; sourceTree = BUILT_PRODUCTS_DIR; };
		4938290D132C0E280094D41D /* DemoAppTests-Info.plist */ = {isa = PBXFileReference; lastKnownFileType = text.plist.xml; path = "DemoAppTests-Info.plist"; sourceTree = "<group>"; };
		4938290F132C0E280094D41D /* en */ = {isa = PBXFileReference; lastKnownFileType = text.plist.strings; name = en; path = en.lproj/InfoPlist.strings; sourceTree = "<group>"; };
		49382911132C0E280094D41D /* DemoAppTests-Prefix.pch */ = {isa = PBXFileReference; lastKnownFileType = sourcecode.c.h; path = "DemoAppTests-Prefix.pch"; sourceTree = "<group>"; };
		49382912132C0E280094D41D /* DemoAppTests.h */ = {isa = PBXFileReference; lastKnownFileType = sourcecode.c.h; path = DemoAppTests.h; sourceTree = "<group>"; };
		49382914132C0E280094D41D /* DemoAppTests.m */ = {isa = PBXFileReference; lastKnownFileType = sourcecode.c.objc; path = DemoAppTests.m; sourceTree = "<group>"; };
		4938296C132C33A70094D41D /* WWConnect.h */ = {isa = PBXFileReference; fileEncoding = 4; lastKnownFileType = sourcecode.c.h; path = WWConnect.h; sourceTree = "<group>"; };
		4938296D132C33A70094D41D /* WWConnect.m */ = {isa = PBXFileReference; fileEncoding = 4; lastKnownFileType = sourcecode.c.objc; path = WWConnect.m; sourceTree = "<group>"; };
		4938296E132C33A70094D41D /* WWFeedbackController.h */ = {isa = PBXFileReference; fileEncoding = 4; lastKnownFileType = sourcecode.c.h; path = WWFeedbackController.h; sourceTree = "<group>"; };
		4938296F132C33A70094D41D /* WWFeedbackController.m */ = {isa = PBXFileReference; fileEncoding = 4; lastKnownFileType = sourcecode.c.objc; path = WWFeedbackController.m; sourceTree = "<group>"; };
		49382970132C33A70094D41D /* WWFeedbackController.xib */ = {isa = PBXFileReference; fileEncoding = 4; lastKnownFileType = file.xib; path = WWFeedbackController.xib; sourceTree = "<group>"; };
		49382971132C33A70094D41D /* WWConnect-Prefix.pch */ = {isa = PBXFileReference; fileEncoding = 4; lastKnownFileType = sourcecode.c.h; path = "WWConnect-Prefix.pch"; sourceTree = "<group>"; };
		49382972132C33A70094D41D /* WWResources.bundle */ = {isa = PBXFileReference; lastKnownFileType = "wrapper.plug-in"; path = WWResources.bundle; sourceTree = "<group>"; };
/* End PBXFileReference section */

/* Begin PBXFrameworksBuildPhase section */
		493828DE132C0E270094D41D /* Frameworks */ = {
			isa = PBXFrameworksBuildPhase;
			buildActionMask = 2147483647;
			files = (
				493828E6132C0E270094D41D /* UIKit.framework in Frameworks */,
				493828E8132C0E270094D41D /* Foundation.framework in Frameworks */,
				493828EA132C0E270094D41D /* CoreGraphics.framework in Frameworks */,
			);
			runOnlyForDeploymentPostprocessing = 0;
		};
		49382901132C0E280094D41D /* Frameworks */ = {
			isa = PBXFrameworksBuildPhase;
			buildActionMask = 2147483647;
			files = (
				49382906132C0E280094D41D /* UIKit.framework in Frameworks */,
				49382907132C0E280094D41D /* Foundation.framework in Frameworks */,
				49382908132C0E280094D41D /* CoreGraphics.framework in Frameworks */,
			);
			runOnlyForDeploymentPostprocessing = 0;
		};
/* End PBXFrameworksBuildPhase section */

/* Begin PBXGroup section */
		493828D6132C0E270094D41D = {
			isa = PBXGroup;
			children = (
				4938296A132C33A70094D41D /* WWConnect */,
				493828EB132C0E270094D41D /* DemoApp */,
				4938290B132C0E280094D41D /* DemoAppTests */,
				493828E4132C0E270094D41D /* Frameworks */,
				493828E2132C0E270094D41D /* Products */,
			);
			sourceTree = "<group>";
		};
		493828E2132C0E270094D41D /* Products */ = {
			isa = PBXGroup;
			children = (
				493828E1132C0E270094D41D /* DemoApp.app */,
				49382905132C0E280094D41D /* DemoAppTests.octest */,
			);
			name = Products;
			sourceTree = "<group>";
		};
		493828E4132C0E270094D41D /* Frameworks */ = {
			isa = PBXGroup;
			children = (
				493828E5132C0E270094D41D /* UIKit.framework */,
				493828E7132C0E270094D41D /* Foundation.framework */,
				493828E9132C0E270094D41D /* CoreGraphics.framework */,
			);
			name = Frameworks;
			sourceTree = "<group>";
		};
		493828EB132C0E270094D41D /* DemoApp */ = {
			isa = PBXGroup;
			children = (
				493828F4132C0E270094D41D /* DemoAppAppDelegate.h */,
				493828F5132C0E270094D41D /* DemoAppAppDelegate.m */,
				493828F7132C0E270094D41D /* MainWindow.xib */,
				493828FA132C0E270094D41D /* RootViewController.h */,
				493828FB132C0E270094D41D /* RootViewController.m */,
				493828FD132C0E270094D41D /* RootViewController.xib */,
				493828EC132C0E270094D41D /* Supporting Files */,
			);
			path = DemoApp;
			sourceTree = "<group>";
		};
		493828EC132C0E270094D41D /* Supporting Files */ = {
			isa = PBXGroup;
			children = (
				493828ED132C0E270094D41D /* DemoApp-Info.plist */,
				493828EE132C0E270094D41D /* InfoPlist.strings */,
				493828F1132C0E270094D41D /* DemoApp-Prefix.pch */,
				493828F2132C0E270094D41D /* main.m */,
			);
			name = "Supporting Files";
			sourceTree = "<group>";
		};
		4938290B132C0E280094D41D /* DemoAppTests */ = {
			isa = PBXGroup;
			children = (
				49382912132C0E280094D41D /* DemoAppTests.h */,
				49382914132C0E280094D41D /* DemoAppTests.m */,
				4938290C132C0E280094D41D /* Supporting Files */,
			);
			path = DemoAppTests;
			sourceTree = "<group>";
		};
		4938290C132C0E280094D41D /* Supporting Files */ = {
			isa = PBXGroup;
			children = (
				4938290D132C0E280094D41D /* DemoAppTests-Info.plist */,
				4938290E132C0E280094D41D /* InfoPlist.strings */,
				49382911132C0E280094D41D /* DemoAppTests-Prefix.pch */,
			);
			name = "Supporting Files";
			sourceTree = "<group>";
		};
		4938296A132C33A70094D41D /* WWConnect */ = {
			isa = PBXGroup;
			children = (
				4938296B132C33A70094D41D /* Classes */,
				49382971132C33A70094D41D /* WWConnect-Prefix.pch */,
				49382972132C33A70094D41D /* WWResources.bundle */,
			);
			name = WWConnect;
			path = ../WWConnect/WWConnect;
			sourceTree = "<group>";
		};
		4938296B132C33A70094D41D /* Classes */ = {
			isa = PBXGroup;
			children = (
				4938296C132C33A70094D41D /* WWConnect.h */,
				4938296D132C33A70094D41D /* WWConnect.m */,
				4938296E132C33A70094D41D /* WWFeedbackController.h */,
				4938296F132C33A70094D41D /* WWFeedbackController.m */,
				49382970132C33A70094D41D /* WWFeedbackController.xib */,
				491917F7133145C900EEACFC /* ATFeedback.h */,
				491917F8133145CA00EEACFC /* ATFeedback.m */,
				4919180513314A1C00EEACFC /* ATDefaultTextView.h */,
				4919180613314A1D00EEACFC /* ATDefaultTextView.m */,
			);
			path = Classes;
			sourceTree = "<group>";
		};
/* End PBXGroup section */

/* Begin PBXNativeTarget section */
		493828E0132C0E270094D41D /* DemoApp */ = {
			isa = PBXNativeTarget;
			buildConfigurationList = 49382918132C0E280094D41D /* Build configuration list for PBXNativeTarget "DemoApp" */;
			buildPhases = (
				493828DD132C0E270094D41D /* Sources */,
				493828DE132C0E270094D41D /* Frameworks */,
				493828DF132C0E270094D41D /* Resources */,
			);
			buildRules = (
			);
			dependencies = (
			);
			name = DemoApp;
			productName = DemoApp;
			productReference = 493828E1132C0E270094D41D /* DemoApp.app */;
			productType = "com.apple.product-type.application";
		};
		49382904132C0E280094D41D /* DemoAppTests */ = {
			isa = PBXNativeTarget;
			buildConfigurationList = 4938291B132C0E280094D41D /* Build configuration list for PBXNativeTarget "DemoAppTests" */;
			buildPhases = (
				49382900132C0E280094D41D /* Sources */,
				49382901132C0E280094D41D /* Frameworks */,
				49382902132C0E280094D41D /* Resources */,
				49382903132C0E280094D41D /* ShellScript */,
			);
			buildRules = (
			);
			dependencies = (
				4938290A132C0E280094D41D /* PBXTargetDependency */,
			);
			name = DemoAppTests;
			productName = DemoAppTests;
			productReference = 49382905132C0E280094D41D /* DemoAppTests.octest */;
			productType = "com.apple.product-type.bundle";
		};
/* End PBXNativeTarget section */

/* Begin PBXProject section */
		493828D8132C0E270094D41D /* Project object */ = {
			isa = PBXProject;
			attributes = {
				ORGANIZATIONNAME = "Planetary Scale LLC";
			};
			buildConfigurationList = 493828DB132C0E270094D41D /* Build configuration list for PBXProject "DemoApp" */;
			compatibilityVersion = "Xcode 3.2";
			developmentRegion = English;
			hasScannedForEncodings = 0;
			knownRegions = (
				en,
			);
			mainGroup = 493828D6132C0E270094D41D;
			productRefGroup = 493828E2132C0E270094D41D /* Products */;
			projectDirPath = "";
			projectRoot = "";
			targets = (
				493828E0132C0E270094D41D /* DemoApp */,
				49382904132C0E280094D41D /* DemoAppTests */,
			);
		};
/* End PBXProject section */

/* Begin PBXResourcesBuildPhase section */
		493828DF132C0E270094D41D /* Resources */ = {
			isa = PBXResourcesBuildPhase;
			buildActionMask = 2147483647;
			files = (
				493828F0132C0E270094D41D /* InfoPlist.strings in Resources */,
				493828F9132C0E270094D41D /* MainWindow.xib in Resources */,
				493828FF132C0E270094D41D /* RootViewController.xib in Resources */,
				49382975132C33A70094D41D /* WWFeedbackController.xib in Resources */,
				49382976132C33A70094D41D /* WWResources.bundle in Resources */,
			);
			runOnlyForDeploymentPostprocessing = 0;
		};
		49382902132C0E280094D41D /* Resources */ = {
			isa = PBXResourcesBuildPhase;
			buildActionMask = 2147483647;
			files = (
				49382910132C0E280094D41D /* InfoPlist.strings in Resources */,
				49382913132C0E280094D41D /* DemoAppTests.h in Resources */,
			);
			runOnlyForDeploymentPostprocessing = 0;
		};
/* End PBXResourcesBuildPhase section */

/* Begin PBXShellScriptBuildPhase section */
		49382903132C0E280094D41D /* ShellScript */ = {
			isa = PBXShellScriptBuildPhase;
			buildActionMask = 2147483647;
			files = (
			);
			inputPaths = (
			);
			outputPaths = (
			);
			runOnlyForDeploymentPostprocessing = 0;
			shellPath = /bin/sh;
			shellScript = "# Run the unit tests in this test bundle.\n\"${SYSTEM_DEVELOPER_DIR}/Tools/RunUnitTests\"\n";
		};
/* End PBXShellScriptBuildPhase section */

/* Begin PBXSourcesBuildPhase section */
		493828DD132C0E270094D41D /* Sources */ = {
			isa = PBXSourcesBuildPhase;
			buildActionMask = 2147483647;
			files = (
				493828F3132C0E270094D41D /* main.m in Sources */,
				493828F6132C0E270094D41D /* DemoAppAppDelegate.m in Sources */,
				493828FC132C0E270094D41D /* RootViewController.m in Sources */,
				49382973132C33A70094D41D /* WWConnect.m in Sources */,
				49382974132C33A70094D41D /* WWFeedbackController.m in Sources */,
				491917F9133145CC00EEACFC /* ATFeedback.m in Sources */,
				4919180713314A2300EEACFC /* ATDefaultTextView.m in Sources */,
			);
			runOnlyForDeploymentPostprocessing = 0;
		};
		49382900132C0E280094D41D /* Sources */ = {
			isa = PBXSourcesBuildPhase;
			buildActionMask = 2147483647;
			files = (
				49382915132C0E280094D41D /* DemoAppTests.m in Sources */,
			);
			runOnlyForDeploymentPostprocessing = 0;
		};
/* End PBXSourcesBuildPhase section */

/* Begin PBXTargetDependency section */
		4938290A132C0E280094D41D /* PBXTargetDependency */ = {
			isa = PBXTargetDependency;
			target = 493828E0132C0E270094D41D /* DemoApp */;
			targetProxy = 49382909132C0E280094D41D /* PBXContainerItemProxy */;
		};
/* End PBXTargetDependency section */

/* Begin PBXVariantGroup section */
		493828EE132C0E270094D41D /* InfoPlist.strings */ = {
			isa = PBXVariantGroup;
			children = (
				493828EF132C0E270094D41D /* en */,
			);
			name = InfoPlist.strings;
			sourceTree = "<group>";
		};
		493828F7132C0E270094D41D /* MainWindow.xib */ = {
			isa = PBXVariantGroup;
			children = (
				493828F8132C0E270094D41D /* en */,
			);
			name = MainWindow.xib;
			sourceTree = "<group>";
		};
		493828FD132C0E270094D41D /* RootViewController.xib */ = {
			isa = PBXVariantGroup;
			children = (
				493828FE132C0E270094D41D /* en */,
			);
			name = RootViewController.xib;
			sourceTree = "<group>";
		};
		4938290E132C0E280094D41D /* InfoPlist.strings */ = {
			isa = PBXVariantGroup;
			children = (
				4938290F132C0E280094D41D /* en */,
			);
			name = InfoPlist.strings;
			sourceTree = "<group>";
		};
/* End PBXVariantGroup section */

/* Begin XCBuildConfiguration section */
		49382916132C0E280094D41D /* Debug */ = {
			isa = XCBuildConfiguration;
			buildSettings = {
				ARCHS = "$(ARCHS_STANDARD_32_BIT)";
				"CODE_SIGN_IDENTITY[sdk=iphoneos*]" = "iPhone Developer";
				GCC_C_LANGUAGE_STANDARD = gnu99;
				GCC_OPTIMIZATION_LEVEL = 0;
				GCC_PREPROCESSOR_DEFINITIONS = DEBUG;
				GCC_SYMBOLS_PRIVATE_EXTERN = NO;
				GCC_VERSION = com.apple.compilers.llvmgcc42;
				GCC_WARN_ABOUT_RETURN_TYPE = YES;
				GCC_WARN_UNUSED_VARIABLE = YES;
				IPHONEOS_DEPLOYMENT_TARGET = 4.3;
				SDKROOT = iphoneos;
			};
			name = Debug;
		};
		49382917132C0E280094D41D /* Release */ = {
			isa = XCBuildConfiguration;
			buildSettings = {
				ARCHS = "$(ARCHS_STANDARD_32_BIT)";
				"CODE_SIGN_IDENTITY[sdk=iphoneos*]" = "iPhone Developer";
				GCC_C_LANGUAGE_STANDARD = gnu99;
				GCC_VERSION = com.apple.compilers.llvmgcc42;
				GCC_WARN_ABOUT_RETURN_TYPE = YES;
				GCC_WARN_UNUSED_VARIABLE = YES;
				IPHONEOS_DEPLOYMENT_TARGET = 4.3;
				OTHER_CFLAGS = "-DNS_BLOCK_ASSERTIONS=1";
				SDKROOT = iphoneos;
			};
			name = Release;
		};
		49382919132C0E280094D41D /* Debug */ = {
			isa = XCBuildConfiguration;
			buildSettings = {
				ALWAYS_SEARCH_USER_PATHS = NO;
				COPY_PHASE_STRIP = NO;
				GCC_DYNAMIC_NO_PIC = NO;
				GCC_PRECOMPILE_PREFIX_HEADER = YES;
				GCC_PREFIX_HEADER = "DemoApp/DemoApp-Prefix.pch";
				INFOPLIST_FILE = "DemoApp/DemoApp-Info.plist";
				PRODUCT_NAME = "$(TARGET_NAME)";
				WRAPPER_EXTENSION = app;
			};
			name = Debug;
		};
		4938291A132C0E280094D41D /* Release */ = {
			isa = XCBuildConfiguration;
			buildSettings = {
				ALWAYS_SEARCH_USER_PATHS = NO;
				COPY_PHASE_STRIP = YES;
				GCC_PRECOMPILE_PREFIX_HEADER = YES;
				GCC_PREFIX_HEADER = "DemoApp/DemoApp-Prefix.pch";
				INFOPLIST_FILE = "DemoApp/DemoApp-Info.plist";
				PRODUCT_NAME = "$(TARGET_NAME)";
				VALIDATE_PRODUCT = YES;
				WRAPPER_EXTENSION = app;
			};
			name = Release;
		};
		4938291C132C0E280094D41D /* Debug */ = {
			isa = XCBuildConfiguration;
			buildSettings = {
				ALWAYS_SEARCH_USER_PATHS = NO;
				BUNDLE_LOADER = "$(BUILT_PRODUCTS_DIR)/DemoApp.app/DemoApp";
				FRAMEWORK_SEARCH_PATHS = (
					"$(SDKROOT)/Developer/Library/Frameworks",
					"$(DEVELOPER_LIBRARY_DIR)/Frameworks",
				);
				GCC_PRECOMPILE_PREFIX_HEADER = YES;
				GCC_PREFIX_HEADER = "DemoAppTests/DemoAppTests-Prefix.pch";
				INFOPLIST_FILE = "DemoAppTests/DemoAppTests-Info.plist";
				OTHER_LDFLAGS = (
					"-framework",
					SenTestingKit,
				);
				PRODUCT_NAME = "$(TARGET_NAME)";
				TEST_HOST = "$(BUNDLE_LOADER)";
				WRAPPER_EXTENSION = octest;
			};
			name = Debug;
		};
		4938291D132C0E280094D41D /* Release */ = {
			isa = XCBuildConfiguration;
			buildSettings = {
				ALWAYS_SEARCH_USER_PATHS = NO;
				BUNDLE_LOADER = "$(BUILT_PRODUCTS_DIR)/DemoApp.app/DemoApp";
				FRAMEWORK_SEARCH_PATHS = (
					"$(SDKROOT)/Developer/Library/Frameworks",
					"$(DEVELOPER_LIBRARY_DIR)/Frameworks",
				);
				GCC_PRECOMPILE_PREFIX_HEADER = YES;
				GCC_PREFIX_HEADER = "DemoAppTests/DemoAppTests-Prefix.pch";
				INFOPLIST_FILE = "DemoAppTests/DemoAppTests-Info.plist";
				OTHER_LDFLAGS = (
					"-framework",
					SenTestingKit,
				);
				PRODUCT_NAME = "$(TARGET_NAME)";
				TEST_HOST = "$(BUNDLE_LOADER)";
				WRAPPER_EXTENSION = octest;
			};
			name = Release;
		};
/* End XCBuildConfiguration section */

/* Begin XCConfigurationList section */
		493828DB132C0E270094D41D /* Build configuration list for PBXProject "DemoApp" */ = {
			isa = XCConfigurationList;
			buildConfigurations = (
				49382916132C0E280094D41D /* Debug */,
				49382917132C0E280094D41D /* Release */,
			);
			defaultConfigurationIsVisible = 0;
			defaultConfigurationName = Release;
		};
		49382918132C0E280094D41D /* Build configuration list for PBXNativeTarget "DemoApp" */ = {
			isa = XCConfigurationList;
			buildConfigurations = (
				49382919132C0E280094D41D /* Debug */,
				4938291A132C0E280094D41D /* Release */,
			);
			defaultConfigurationIsVisible = 0;
			defaultConfigurationName = Release;
		};
		4938291B132C0E280094D41D /* Build configuration list for PBXNativeTarget "DemoAppTests" */ = {
			isa = XCConfigurationList;
			buildConfigurations = (
				4938291C132C0E280094D41D /* Debug */,
				4938291D132C0E280094D41D /* Release */,
			);
			defaultConfigurationIsVisible = 0;
			defaultConfigurationName = Release;
		};
/* End XCConfigurationList section */
	};
	rootObject = 493828D8132C0E270094D41D /* Project object */;
}
